// !$*UTF8*$!
{
	archiveVersion = 1;
	classes = {
	};
	objectVersion = 56;
	objects = {

/* Begin PBXBuildFile section */
		3D1E810628FBD70B00F2EF9D /* Order.swift in Sources */ = {isa = PBXBuildFile; fileRef = 3D1E810528FBD70B00F2EF9D /* Order.swift */; };
		3D1E810828FBDBC300F2EF9D /* OrderDataSourceItem.swift in Sources */ = {isa = PBXBuildFile; fileRef = 3D1E810728FBDBC300F2EF9D /* OrderDataSourceItem.swift */; };
		3D1E810A28FBDD9600F2EF9D /* OrderCollectionViewCell.swift in Sources */ = {isa = PBXBuildFile; fileRef = 3D1E810928FBDD9600F2EF9D /* OrderCollectionViewCell.swift */; };
		3D22C9D528F1A5B900BD768A /* HeaderReusableView.swift in Sources */ = {isa = PBXBuildFile; fileRef = 3D22C9D428F1A5B900BD768A /* HeaderReusableView.swift */; };
		3D3C29F72917AF9400C4B9AA /* UserController.swift in Sources */ = {isa = PBXBuildFile; fileRef = 3D3C29F62917AF9400C4B9AA /* UserController.swift */; };
		3D3C29F92917DE0600C4B9AA /* OrderDetailViewController.swift in Sources */ = {isa = PBXBuildFile; fileRef = 3D3C29F82917DE0600C4B9AA /* OrderDetailViewController.swift */; };
		3D448EBD2901AF4D00AF3A21 /* ArrayExtension.swift in Sources */ = {isa = PBXBuildFile; fileRef = 3D448EBC2901AF4D00AF3A21 /* ArrayExtension.swift */; };
		3D4CC1A02A95F21200C71EC1 /* AppConfiguration.swift in Sources */ = {isa = PBXBuildFile; fileRef = 3D4CC19F2A95F21200C71EC1 /* AppConfiguration.swift */; };
		3D4CC1A42A95F3CD00C71EC1 /* MenuViewController.swift in Sources */ = {isa = PBXBuildFile; fileRef = 3D4CC1A32A95F3CD00C71EC1 /* MenuViewController.swift */; };
		3D4CC1A62A95F3DB00C71EC1 /* CartViewController.swift in Sources */ = {isa = PBXBuildFile; fileRef = 3D4CC1A52A95F3DB00C71EC1 /* CartViewController.swift */; };
		3D4CC1A82A95F86500C71EC1 /* Strings.swift in Sources */ = {isa = PBXBuildFile; fileRef = 3D4CC1A72A95F86500C71EC1 /* Strings.swift */; };
		3D5D9A1E28F2C7EF006B8E78 /* NewsItem.swift in Sources */ = {isa = PBXBuildFile; fileRef = 3D5D9A1D28F2C7EF006B8E78 /* NewsItem.swift */; };
		3D5D9A2028F2C93C006B8E78 /* DataSourceItem.swift in Sources */ = {isa = PBXBuildFile; fileRef = 3D5D9A1F28F2C93C006B8E78 /* DataSourceItem.swift */; };
		3D5D9A2228F2CC5B006B8E78 /* NewsItemCollectionViewCell.swift in Sources */ = {isa = PBXBuildFile; fileRef = 3D5D9A2128F2CC5B006B8E78 /* NewsItemCollectionViewCell.swift */; };
		3D5D9A2428F36B10006B8E78 /* MenuItemViewController.swift in Sources */ = {isa = PBXBuildFile; fileRef = 3D5D9A2328F36B10006B8E78 /* MenuItemViewController.swift */; };
		3D5D9A2628F4AC62006B8E78 /* NewsItemViewController.swift in Sources */ = {isa = PBXBuildFile; fileRef = 3D5D9A2528F4AC62006B8E78 /* NewsItemViewController.swift */; };
		3D5D9A2828F539FB006B8E78 /* OrderController.swift in Sources */ = {isa = PBXBuildFile; fileRef = 3D5D9A2728F539FB006B8E78 /* OrderController.swift */; };
		3D5D9A3028F5E329006B8E78 /* OrderControllerTests.swift in Sources */ = {isa = PBXBuildFile; fileRef = 3D5D9A2F28F5E329006B8E78 /* OrderControllerTests.swift */; };
		3D5D9A4A28F5FED8006B8E78 /* BurgersAPITests.swift in Sources */ = {isa = PBXBuildFile; fileRef = 3D5D9A4928F5FED8006B8E78 /* BurgersAPITests.swift */; };
		3D5D9A5F28F93486006B8E78 /* ImageController.swift in Sources */ = {isa = PBXBuildFile; fileRef = 3D5D9A5E28F93486006B8E78 /* ImageController.swift */; };
		3D5D9A6128F93A77006B8E78 /* OrderItemCollectionViewCell.swift in Sources */ = {isa = PBXBuildFile; fileRef = 3D5D9A6028F93A77006B8E78 /* OrderItemCollectionViewCell.swift */; };
		3D5D9A6328F97416006B8E78 /* OrderViewController.swift in Sources */ = {isa = PBXBuildFile; fileRef = 3D5D9A6228F97416006B8E78 /* OrderViewController.swift */; };
		3D6D06AE2900375C00EAB19A /* CustomButton.swift in Sources */ = {isa = PBXBuildFile; fileRef = 3D6D06AD2900375C00EAB19A /* CustomButton.swift */; };
		3D7090F02A90C25F00135B02 /* FirebaseSSEClient.swift in Sources */ = {isa = PBXBuildFile; fileRef = 3D7090EF2A90C25F00135B02 /* FirebaseSSEClient.swift */; };
		3D79E1A428FAA14500F165E7 /* OrderItem.swift in Sources */ = {isa = PBXBuildFile; fileRef = 3D79E1A328FAA14500F165E7 /* OrderItem.swift */; };
		3D9634E12A973FCF0053680D /* MenuItemCell.swift in Sources */ = {isa = PBXBuildFile; fileRef = 3D9634E02A973FCF0053680D /* MenuItemCell.swift */; };
		3D9634E32A974B100053680D /* CellReusingUtils.swift in Sources */ = {isa = PBXBuildFile; fileRef = 3D9634E22A974B100053680D /* CellReusingUtils.swift */; };
		3D9634E52A97582A0053680D /* NewsItemCell.swift in Sources */ = {isa = PBXBuildFile; fileRef = 3D9634E42A97582A0053680D /* NewsItemCell.swift */; };
		3DAF696429891E9C00EABAB9 /* ItemsFactory.swift in Sources */ = {isa = PBXBuildFile; fileRef = 3DAF696329891E9C00EABAB9 /* ItemsFactory.swift */; };
		3DAF696A2989340700EABAB9 /* AlertPresenter.swift in Sources */ = {isa = PBXBuildFile; fileRef = 3DAF69692989340700EABAB9 /* AlertPresenter.swift */; };
		3DAF696C2989343400EABAB9 /* AlertModel.swift in Sources */ = {isa = PBXBuildFile; fileRef = 3DAF696B2989343400EABAB9 /* AlertModel.swift */; };
		3DE3D2942A868B5600394BEB /* TabBarController.swift in Sources */ = {isa = PBXBuildFile; fileRef = 3DE3D2932A868B5600394BEB /* TabBarController.swift */; };
		3DED088828EE05CC000DEA5D /* AppDelegate.swift in Sources */ = {isa = PBXBuildFile; fileRef = 3DED088728EE05CC000DEA5D /* AppDelegate.swift */; };
		3DED088A28EE05CC000DEA5D /* SceneDelegate.swift in Sources */ = {isa = PBXBuildFile; fileRef = 3DED088928EE05CC000DEA5D /* SceneDelegate.swift */; };
		3DED088F28EE05CC000DEA5D /* Main.storyboard in Resources */ = {isa = PBXBuildFile; fileRef = 3DED088D28EE05CC000DEA5D /* Main.storyboard */; };
		3DED089128EE05CE000DEA5D /* Assets.xcassets in Resources */ = {isa = PBXBuildFile; fileRef = 3DED089028EE05CE000DEA5D /* Assets.xcassets */; };
		3DED089428EE05CE000DEA5D /* LaunchScreen.storyboard in Resources */ = {isa = PBXBuildFile; fileRef = 3DED089228EE05CE000DEA5D /* LaunchScreen.storyboard */; };
		3DED089C28EE1415000DEA5D /* MainViewController.swift in Sources */ = {isa = PBXBuildFile; fileRef = 3DED089B28EE1415000DEA5D /* MainViewController.swift */; };
		3DED089E28EE1439000DEA5D /* MenuItem.swift in Sources */ = {isa = PBXBuildFile; fileRef = 3DED089D28EE1439000DEA5D /* MenuItem.swift */; };
		3DED08A028EE15F8000DEA5D /* APIRequest.swift in Sources */ = {isa = PBXBuildFile; fileRef = 3DED089F28EE15F8000DEA5D /* APIRequest.swift */; };
		3DED08A428EE165D000DEA5D /* MenuItemCollectionViewCell.swift in Sources */ = {isa = PBXBuildFile; fileRef = 3DED08A328EE165D000DEA5D /* MenuItemCollectionViewCell.swift */; };
		3DED08A628EE28CB000DEA5D /* APIService.swift in Sources */ = {isa = PBXBuildFile; fileRef = 3DED08A528EE28CB000DEA5D /* APIService.swift */; };
/* End PBXBuildFile section */

/* Begin PBXContainerItemProxy section */
		3D5D9A3128F5E329006B8E78 /* PBXContainerItemProxy */ = {
			isa = PBXContainerItemProxy;
			containerPortal = 3DED087C28EE05CC000DEA5D /* Project object */;
			proxyType = 1;
			remoteGlobalIDString = 3DED088328EE05CC000DEA5D;
			remoteInfo = Burgers;
		};
		3D5D9A4B28F5FED8006B8E78 /* PBXContainerItemProxy */ = {
			isa = PBXContainerItemProxy;
			containerPortal = 3DED087C28EE05CC000DEA5D /* Project object */;
			proxyType = 1;
			remoteGlobalIDString = 3DED088328EE05CC000DEA5D;
			remoteInfo = Burgers;
		};
/* End PBXContainerItemProxy section */

/* Begin PBXFileReference section */
		3D1E810528FBD70B00F2EF9D /* Order.swift */ = {isa = PBXFileReference; lastKnownFileType = sourcecode.swift; path = Order.swift; sourceTree = "<group>"; };
		3D1E810728FBDBC300F2EF9D /* OrderDataSourceItem.swift */ = {isa = PBXFileReference; lastKnownFileType = sourcecode.swift; path = OrderDataSourceItem.swift; sourceTree = "<group>"; };
		3D1E810928FBDD9600F2EF9D /* OrderCollectionViewCell.swift */ = {isa = PBXFileReference; lastKnownFileType = sourcecode.swift; path = OrderCollectionViewCell.swift; sourceTree = "<group>"; };
		3D22C9D428F1A5B900BD768A /* HeaderReusableView.swift */ = {isa = PBXFileReference; lastKnownFileType = sourcecode.swift; path = HeaderReusableView.swift; sourceTree = "<group>"; };
		3D3C29F62917AF9400C4B9AA /* UserController.swift */ = {isa = PBXFileReference; lastKnownFileType = sourcecode.swift; path = UserController.swift; sourceTree = "<group>"; };
		3D3C29F82917DE0600C4B9AA /* OrderDetailViewController.swift */ = {isa = PBXFileReference; lastKnownFileType = sourcecode.swift; path = OrderDetailViewController.swift; sourceTree = "<group>"; };
		3D448EBC2901AF4D00AF3A21 /* ArrayExtension.swift */ = {isa = PBXFileReference; lastKnownFileType = sourcecode.swift; path = ArrayExtension.swift; sourceTree = "<group>"; };
		3D4CC19F2A95F21200C71EC1 /* AppConfiguration.swift */ = {isa = PBXFileReference; lastKnownFileType = sourcecode.swift; path = AppConfiguration.swift; sourceTree = "<group>"; };
		3D4CC1A32A95F3CD00C71EC1 /* MenuViewController.swift */ = {isa = PBXFileReference; lastKnownFileType = sourcecode.swift; path = MenuViewController.swift; sourceTree = "<group>"; };
		3D4CC1A52A95F3DB00C71EC1 /* CartViewController.swift */ = {isa = PBXFileReference; lastKnownFileType = sourcecode.swift; path = CartViewController.swift; sourceTree = "<group>"; };
		3D4CC1A72A95F86500C71EC1 /* Strings.swift */ = {isa = PBXFileReference; lastKnownFileType = sourcecode.swift; path = Strings.swift; sourceTree = "<group>"; };
		3D5D9A1D28F2C7EF006B8E78 /* NewsItem.swift */ = {isa = PBXFileReference; lastKnownFileType = sourcecode.swift; path = NewsItem.swift; sourceTree = "<group>"; };
		3D5D9A1F28F2C93C006B8E78 /* DataSourceItem.swift */ = {isa = PBXFileReference; lastKnownFileType = sourcecode.swift; path = DataSourceItem.swift; sourceTree = "<group>"; };
		3D5D9A2128F2CC5B006B8E78 /* NewsItemCollectionViewCell.swift */ = {isa = PBXFileReference; lastKnownFileType = sourcecode.swift; path = NewsItemCollectionViewCell.swift; sourceTree = "<group>"; };
		3D5D9A2328F36B10006B8E78 /* MenuItemViewController.swift */ = {isa = PBXFileReference; lastKnownFileType = sourcecode.swift; path = MenuItemViewController.swift; sourceTree = "<group>"; };
		3D5D9A2528F4AC62006B8E78 /* NewsItemViewController.swift */ = {isa = PBXFileReference; lastKnownFileType = sourcecode.swift; path = NewsItemViewController.swift; sourceTree = "<group>"; };
		3D5D9A2728F539FB006B8E78 /* OrderController.swift */ = {isa = PBXFileReference; lastKnownFileType = sourcecode.swift; path = OrderController.swift; sourceTree = "<group>"; };
		3D5D9A2D28F5E329006B8E78 /* BurgersTests.xctest */ = {isa = PBXFileReference; explicitFileType = wrapper.cfbundle; includeInIndex = 0; path = BurgersTests.xctest; sourceTree = BUILT_PRODUCTS_DIR; };
		3D5D9A2F28F5E329006B8E78 /* OrderControllerTests.swift */ = {isa = PBXFileReference; lastKnownFileType = sourcecode.swift; path = OrderControllerTests.swift; sourceTree = "<group>"; };
		3D5D9A4728F5FED8006B8E78 /* BurgersAPITests.xctest */ = {isa = PBXFileReference; explicitFileType = wrapper.cfbundle; includeInIndex = 0; path = BurgersAPITests.xctest; sourceTree = BUILT_PRODUCTS_DIR; };
		3D5D9A4928F5FED8006B8E78 /* BurgersAPITests.swift */ = {isa = PBXFileReference; lastKnownFileType = sourcecode.swift; path = BurgersAPITests.swift; sourceTree = "<group>"; };
		3D5D9A5E28F93486006B8E78 /* ImageController.swift */ = {isa = PBXFileReference; lastKnownFileType = sourcecode.swift; path = ImageController.swift; sourceTree = "<group>"; };
		3D5D9A6028F93A77006B8E78 /* OrderItemCollectionViewCell.swift */ = {isa = PBXFileReference; lastKnownFileType = sourcecode.swift; path = OrderItemCollectionViewCell.swift; sourceTree = "<group>"; };
		3D5D9A6228F97416006B8E78 /* OrderViewController.swift */ = {isa = PBXFileReference; lastKnownFileType = sourcecode.swift; path = OrderViewController.swift; sourceTree = "<group>"; };
		3D6D06AD2900375C00EAB19A /* CustomButton.swift */ = {isa = PBXFileReference; lastKnownFileType = sourcecode.swift; path = CustomButton.swift; sourceTree = "<group>"; };
		3D7090EF2A90C25F00135B02 /* FirebaseSSEClient.swift */ = {isa = PBXFileReference; lastKnownFileType = sourcecode.swift; path = FirebaseSSEClient.swift; sourceTree = "<group>"; };
		3D79E1A328FAA14500F165E7 /* OrderItem.swift */ = {isa = PBXFileReference; lastKnownFileType = sourcecode.swift; path = OrderItem.swift; sourceTree = "<group>"; };
		3D9634E02A973FCF0053680D /* MenuItemCell.swift */ = {isa = PBXFileReference; lastKnownFileType = sourcecode.swift; path = MenuItemCell.swift; sourceTree = "<group>"; };
		3D9634E22A974B100053680D /* CellReusingUtils.swift */ = {isa = PBXFileReference; lastKnownFileType = sourcecode.swift; path = CellReusingUtils.swift; sourceTree = "<group>"; };
		3D9634E42A97582A0053680D /* NewsItemCell.swift */ = {isa = PBXFileReference; lastKnownFileType = sourcecode.swift; path = NewsItemCell.swift; sourceTree = "<group>"; };
		3DAF696329891E9C00EABAB9 /* ItemsFactory.swift */ = {isa = PBXFileReference; lastKnownFileType = sourcecode.swift; path = ItemsFactory.swift; sourceTree = "<group>"; };
		3DAF69692989340700EABAB9 /* AlertPresenter.swift */ = {isa = PBXFileReference; lastKnownFileType = sourcecode.swift; path = AlertPresenter.swift; sourceTree = "<group>"; };
		3DAF696B2989343400EABAB9 /* AlertModel.swift */ = {isa = PBXFileReference; lastKnownFileType = sourcecode.swift; path = AlertModel.swift; sourceTree = "<group>"; };
		3DE3D2932A868B5600394BEB /* TabBarController.swift */ = {isa = PBXFileReference; lastKnownFileType = sourcecode.swift; path = TabBarController.swift; sourceTree = "<group>"; };
		3DED088428EE05CC000DEA5D /* Burgers.app */ = {isa = PBXFileReference; explicitFileType = wrapper.application; includeInIndex = 0; path = Burgers.app; sourceTree = BUILT_PRODUCTS_DIR; };
		3DED088728EE05CC000DEA5D /* AppDelegate.swift */ = {isa = PBXFileReference; lastKnownFileType = sourcecode.swift; path = AppDelegate.swift; sourceTree = "<group>"; };
		3DED088928EE05CC000DEA5D /* SceneDelegate.swift */ = {isa = PBXFileReference; lastKnownFileType = sourcecode.swift; path = SceneDelegate.swift; sourceTree = "<group>"; };
		3DED088E28EE05CC000DEA5D /* Base */ = {isa = PBXFileReference; lastKnownFileType = file.storyboard; name = Base; path = Base.lproj/Main.storyboard; sourceTree = "<group>"; };
		3DED089028EE05CE000DEA5D /* Assets.xcassets */ = {isa = PBXFileReference; lastKnownFileType = folder.assetcatalog; path = Assets.xcassets; sourceTree = "<group>"; };
		3DED089328EE05CE000DEA5D /* Base */ = {isa = PBXFileReference; lastKnownFileType = file.storyboard; name = Base; path = Base.lproj/LaunchScreen.storyboard; sourceTree = "<group>"; };
		3DED089528EE05CE000DEA5D /* Info.plist */ = {isa = PBXFileReference; lastKnownFileType = text.plist.xml; path = Info.plist; sourceTree = "<group>"; };
		3DED089B28EE1415000DEA5D /* MainViewController.swift */ = {isa = PBXFileReference; lastKnownFileType = sourcecode.swift; path = MainViewController.swift; sourceTree = "<group>"; };
		3DED089D28EE1439000DEA5D /* MenuItem.swift */ = {isa = PBXFileReference; lastKnownFileType = sourcecode.swift; path = MenuItem.swift; sourceTree = "<group>"; };
		3DED089F28EE15F8000DEA5D /* APIRequest.swift */ = {isa = PBXFileReference; lastKnownFileType = sourcecode.swift; path = APIRequest.swift; sourceTree = "<group>"; };
		3DED08A328EE165D000DEA5D /* MenuItemCollectionViewCell.swift */ = {isa = PBXFileReference; lastKnownFileType = sourcecode.swift; path = MenuItemCollectionViewCell.swift; sourceTree = "<group>"; };
		3DED08A528EE28CB000DEA5D /* APIService.swift */ = {isa = PBXFileReference; lastKnownFileType = sourcecode.swift; path = APIService.swift; sourceTree = "<group>"; };
/* End PBXFileReference section */

/* Begin PBXFrameworksBuildPhase section */
		3D5D9A2A28F5E329006B8E78 /* Frameworks */ = {
			isa = PBXFrameworksBuildPhase;
			buildActionMask = 2147483647;
			files = (
			);
			runOnlyForDeploymentPostprocessing = 0;
		};
		3D5D9A4428F5FED8006B8E78 /* Frameworks */ = {
			isa = PBXFrameworksBuildPhase;
			buildActionMask = 2147483647;
			files = (
			);
			runOnlyForDeploymentPostprocessing = 0;
		};
		3DED088128EE05CC000DEA5D /* Frameworks */ = {
			isa = PBXFrameworksBuildPhase;
			buildActionMask = 2147483647;
			files = (
			);
			runOnlyForDeploymentPostprocessing = 0;
		};
/* End PBXFrameworksBuildPhase section */

/* Begin PBXGroup section */
		3D4CC1A12A95F3A300C71EC1 /* MenuScene */ = {
			isa = PBXGroup;
			children = (
				3D4CC1A32A95F3CD00C71EC1 /* MenuViewController.swift */,
				3D9634E02A973FCF0053680D /* MenuItemCell.swift */,
				3D9634E42A97582A0053680D /* NewsItemCell.swift */,
			);
			path = MenuScene;
			sourceTree = "<group>";
		};
		3D4CC1A22A95F3B700C71EC1 /* CartScene */ = {
			isa = PBXGroup;
			children = (
				3D4CC1A52A95F3DB00C71EC1 /* CartViewController.swift */,
			);
			path = CartScene;
			sourceTree = "<group>";
		};
		3D4CC1A92A95F89700C71EC1 /* Helpers */ = {
			isa = PBXGroup;
			children = (
				3D4CC1A72A95F86500C71EC1 /* Strings.swift */,
				3D9634E22A974B100053680D /* CellReusingUtils.swift */,
			);
			path = Helpers;
			sourceTree = "<group>";
		};
		3D5D9A1928F2C53A006B8E78 /* Model */ = {
			isa = PBXGroup;
			children = (
				3DED089D28EE1439000DEA5D /* MenuItem.swift */,
				3D5D9A1D28F2C7EF006B8E78 /* NewsItem.swift */,
				3D5D9A1F28F2C93C006B8E78 /* DataSourceItem.swift */,
				3D79E1A328FAA14500F165E7 /* OrderItem.swift */,
				3D1E810528FBD70B00F2EF9D /* Order.swift */,
				3D1E810728FBDBC300F2EF9D /* OrderDataSourceItem.swift */,
				3DAF696B2989343400EABAB9 /* AlertModel.swift */,
			);
			path = Model;
			sourceTree = "<group>";
		};
		3D5D9A1A28F2C541006B8E78 /* View */ = {
			isa = PBXGroup;
			children = (
				3D22C9D428F1A5B900BD768A /* HeaderReusableView.swift */,
				3DED08A328EE165D000DEA5D /* MenuItemCollectionViewCell.swift */,
				3D5D9A2128F2CC5B006B8E78 /* NewsItemCollectionViewCell.swift */,
				3D5D9A6028F93A77006B8E78 /* OrderItemCollectionViewCell.swift */,
				3D1E810928FBDD9600F2EF9D /* OrderCollectionViewCell.swift */,
				3D6D06AD2900375C00EAB19A /* CustomButton.swift */,
			);
			path = View;
			sourceTree = "<group>";
		};
		3D5D9A1B28F2C546006B8E78 /* Controller */ = {
			isa = PBXGroup;
			children = (
				3DED089B28EE1415000DEA5D /* MainViewController.swift */,
				3D5D9A6228F97416006B8E78 /* OrderViewController.swift */,
				3D5D9A2328F36B10006B8E78 /* MenuItemViewController.swift */,
				3D5D9A2528F4AC62006B8E78 /* NewsItemViewController.swift */,
				3D3C29F82917DE0600C4B9AA /* OrderDetailViewController.swift */,
				3D5D9A2728F539FB006B8E78 /* OrderController.swift */,
				3D5D9A5E28F93486006B8E78 /* ImageController.swift */,
				3D3C29F62917AF9400C4B9AA /* UserController.swift */,
			);
			path = Controller;
			sourceTree = "<group>";
		};
		3D5D9A1C28F2C613006B8E78 /* Service */ = {
			isa = PBXGroup;
			children = (
				3DED08A528EE28CB000DEA5D /* APIService.swift */,
				3DED089F28EE15F8000DEA5D /* APIRequest.swift */,
				3D448EBC2901AF4D00AF3A21 /* ArrayExtension.swift */,
				3DAF696329891E9C00EABAB9 /* ItemsFactory.swift */,
				3DAF69692989340700EABAB9 /* AlertPresenter.swift */,
				3D7090EF2A90C25F00135B02 /* FirebaseSSEClient.swift */,
			);
			path = Service;
			sourceTree = "<group>";
		};
		3D5D9A2E28F5E329006B8E78 /* BurgersTests */ = {
			isa = PBXGroup;
			children = (
				3D5D9A2F28F5E329006B8E78 /* OrderControllerTests.swift */,
			);
			path = BurgersTests;
			sourceTree = "<group>";
		};
		3D5D9A4828F5FED8006B8E78 /* BurgersAPITests */ = {
			isa = PBXGroup;
			children = (
				3D5D9A4928F5FED8006B8E78 /* BurgersAPITests.swift */,
			);
			path = BurgersAPITests;
			sourceTree = "<group>";
		};
		3DE3D2952A868B6000394BEB /* TabBarController */ = {
			isa = PBXGroup;
			children = (
				3DE3D2932A868B5600394BEB /* TabBarController.swift */,
			);
			path = TabBarController;
			sourceTree = "<group>";
		};
		3DEBBCC62ABE816400406F80 /* Scenes */ = {
			isa = PBXGroup;
			children = (
				3D4CC1A12A95F3A300C71EC1 /* MenuScene */,
				3D4CC1A22A95F3B700C71EC1 /* CartScene */,
			);
			path = Scenes;
			sourceTree = "<group>";
		};
		3DED087B28EE05CC000DEA5D = {
			isa = PBXGroup;
			children = (
				3DED088628EE05CC000DEA5D /* Burgers */,
				3D5D9A2E28F5E329006B8E78 /* BurgersTests */,
				3D5D9A4828F5FED8006B8E78 /* BurgersAPITests */,
				3DED088528EE05CC000DEA5D /* Products */,
			);
			sourceTree = "<group>";
		};
		3DED088528EE05CC000DEA5D /* Products */ = {
			isa = PBXGroup;
			children = (
				3DED088428EE05CC000DEA5D /* Burgers.app */,
				3D5D9A2D28F5E329006B8E78 /* BurgersTests.xctest */,
				3D5D9A4728F5FED8006B8E78 /* BurgersAPITests.xctest */,
			);
			name = Products;
			sourceTree = "<group>";
		};
		3DED088628EE05CC000DEA5D /* Burgers */ = {
			isa = PBXGroup;
			children = (
				3DED088728EE05CC000DEA5D /* AppDelegate.swift */,
				3DED088928EE05CC000DEA5D /* SceneDelegate.swift */,
				3D4CC19F2A95F21200C71EC1 /* AppConfiguration.swift */,
				3DE3D2952A868B6000394BEB /* TabBarController */,
				3DEBBCC62ABE816400406F80 /* Scenes */,
				3D5D9A1C28F2C613006B8E78 /* Service */,
				3D5D9A1B28F2C546006B8E78 /* Controller */,
				3D5D9A1A28F2C541006B8E78 /* View */,
				3D4CC1A92A95F89700C71EC1 /* Helpers */,
				3D5D9A1928F2C53A006B8E78 /* Model */,
				3DED088D28EE05CC000DEA5D /* Main.storyboard */,
				3DED089028EE05CE000DEA5D /* Assets.xcassets */,
				3DED089228EE05CE000DEA5D /* LaunchScreen.storyboard */,
				3DED089528EE05CE000DEA5D /* Info.plist */,
			);
			path = Burgers;
			sourceTree = "<group>";
		};
/* End PBXGroup section */

/* Begin PBXNativeTarget section */
		3D5D9A2C28F5E329006B8E78 /* BurgersTests */ = {
			isa = PBXNativeTarget;
			buildConfigurationList = 3D5D9A3328F5E329006B8E78 /* Build configuration list for PBXNativeTarget "BurgersTests" */;
			buildPhases = (
				3D5D9A2928F5E329006B8E78 /* Sources */,
				3D5D9A2A28F5E329006B8E78 /* Frameworks */,
				3D5D9A2B28F5E329006B8E78 /* Resources */,
			);
			buildRules = (
			);
			dependencies = (
				3D5D9A3228F5E329006B8E78 /* PBXTargetDependency */,
			);
			name = BurgersTests;
			productName = BurgersTests;
			productReference = 3D5D9A2D28F5E329006B8E78 /* BurgersTests.xctest */;
			productType = "com.apple.product-type.bundle.unit-test";
		};
		3D5D9A4628F5FED8006B8E78 /* BurgersAPITests */ = {
			isa = PBXNativeTarget;
			buildConfigurationList = 3D5D9A4D28F5FED8006B8E78 /* Build configuration list for PBXNativeTarget "BurgersAPITests" */;
			buildPhases = (
				3D5D9A4328F5FED8006B8E78 /* Sources */,
				3D5D9A4428F5FED8006B8E78 /* Frameworks */,
				3D5D9A4528F5FED8006B8E78 /* Resources */,
			);
			buildRules = (
			);
			dependencies = (
				3D5D9A4C28F5FED8006B8E78 /* PBXTargetDependency */,
			);
			name = BurgersAPITests;
			productName = BurgersAPITests;
			productReference = 3D5D9A4728F5FED8006B8E78 /* BurgersAPITests.xctest */;
			productType = "com.apple.product-type.bundle.unit-test";
		};
		3DED088328EE05CC000DEA5D /* Burgers */ = {
			isa = PBXNativeTarget;
			buildConfigurationList = 3DED089828EE05CE000DEA5D /* Build configuration list for PBXNativeTarget "Burgers" */;
			buildPhases = (
				3DED088028EE05CC000DEA5D /* Sources */,
				3DED088128EE05CC000DEA5D /* Frameworks */,
				3DED088228EE05CC000DEA5D /* Resources */,
			);
			buildRules = (
			);
			dependencies = (
			);
			name = Burgers;
			packageProductDependencies = (
			);
			productName = Burgers;
			productReference = 3DED088428EE05CC000DEA5D /* Burgers.app */;
			productType = "com.apple.product-type.application";
		};
/* End PBXNativeTarget section */

/* Begin PBXProject section */
		3DED087C28EE05CC000DEA5D /* Project object */ = {
			isa = PBXProject;
			attributes = {
				BuildIndependentTargetsInParallel = 1;
				LastSwiftUpdateCheck = 1400;
				LastUpgradeCheck = 1420;
				TargetAttributes = {
					3D5D9A2C28F5E329006B8E78 = {
						CreatedOnToolsVersion = 14.0;
						TestTargetID = 3DED088328EE05CC000DEA5D;
					};
					3D5D9A4628F5FED8006B8E78 = {
						CreatedOnToolsVersion = 14.0;
						TestTargetID = 3DED088328EE05CC000DEA5D;
					};
					3DED088328EE05CC000DEA5D = {
						CreatedOnToolsVersion = 14.0;
					};
				};
			};
			buildConfigurationList = 3DED087F28EE05CC000DEA5D /* Build configuration list for PBXProject "Burgers" */;
			compatibilityVersion = "Xcode 14.0";
			developmentRegion = en;
			hasScannedForEncodings = 0;
			knownRegions = (
				en,
				Base,
			);
			mainGroup = 3DED087B28EE05CC000DEA5D;
			packageReferences = (
			);
			productRefGroup = 3DED088528EE05CC000DEA5D /* Products */;
			projectDirPath = "";
			projectRoot = "";
			targets = (
				3DED088328EE05CC000DEA5D /* Burgers */,
				3D5D9A2C28F5E329006B8E78 /* BurgersTests */,
				3D5D9A4628F5FED8006B8E78 /* BurgersAPITests */,
			);
		};
/* End PBXProject section */

/* Begin PBXResourcesBuildPhase section */
		3D5D9A2B28F5E329006B8E78 /* Resources */ = {
			isa = PBXResourcesBuildPhase;
			buildActionMask = 2147483647;
			files = (
			);
			runOnlyForDeploymentPostprocessing = 0;
		};
		3D5D9A4528F5FED8006B8E78 /* Resources */ = {
			isa = PBXResourcesBuildPhase;
			buildActionMask = 2147483647;
			files = (
			);
			runOnlyForDeploymentPostprocessing = 0;
		};
		3DED088228EE05CC000DEA5D /* Resources */ = {
			isa = PBXResourcesBuildPhase;
			buildActionMask = 2147483647;
			files = (
				3DED089428EE05CE000DEA5D /* LaunchScreen.storyboard in Resources */,
				3DED089128EE05CE000DEA5D /* Assets.xcassets in Resources */,
				3DED088F28EE05CC000DEA5D /* Main.storyboard in Resources */,
			);
			runOnlyForDeploymentPostprocessing = 0;
		};
/* End PBXResourcesBuildPhase section */

/* Begin PBXSourcesBuildPhase section */
		3D5D9A2928F5E329006B8E78 /* Sources */ = {
			isa = PBXSourcesBuildPhase;
			buildActionMask = 2147483647;
			files = (
				3D5D9A3028F5E329006B8E78 /* OrderControllerTests.swift in Sources */,
			);
			runOnlyForDeploymentPostprocessing = 0;
		};
		3D5D9A4328F5FED8006B8E78 /* Sources */ = {
			isa = PBXSourcesBuildPhase;
			buildActionMask = 2147483647;
			files = (
				3D5D9A4A28F5FED8006B8E78 /* BurgersAPITests.swift in Sources */,
			);
			runOnlyForDeploymentPostprocessing = 0;
		};
		3DED088028EE05CC000DEA5D /* Sources */ = {
			isa = PBXSourcesBuildPhase;
			buildActionMask = 2147483647;
			files = (
				3D9634E52A97582A0053680D /* NewsItemCell.swift in Sources */,
				3D448EBD2901AF4D00AF3A21 /* ArrayExtension.swift in Sources */,
				3D5D9A2228F2CC5B006B8E78 /* NewsItemCollectionViewCell.swift in Sources */,
				3D5D9A2028F2C93C006B8E78 /* DataSourceItem.swift in Sources */,
				3D5D9A5F28F93486006B8E78 /* ImageController.swift in Sources */,
				3D1E810628FBD70B00F2EF9D /* Order.swift in Sources */,
				3DED088828EE05CC000DEA5D /* AppDelegate.swift in Sources */,
				3DED08A628EE28CB000DEA5D /* APIService.swift in Sources */,
				3D4CC1A62A95F3DB00C71EC1 /* CartViewController.swift in Sources */,
				3D4CC1A42A95F3CD00C71EC1 /* MenuViewController.swift in Sources */,
				3D5D9A2628F4AC62006B8E78 /* NewsItemViewController.swift in Sources */,
				3D3C29F92917DE0600C4B9AA /* OrderDetailViewController.swift in Sources */,
				3DAF696429891E9C00EABAB9 /* ItemsFactory.swift in Sources */,
				3D4CC1A82A95F86500C71EC1 /* Strings.swift in Sources */,
				3D22C9D528F1A5B900BD768A /* HeaderReusableView.swift in Sources */,
				3D5D9A6128F93A77006B8E78 /* OrderItemCollectionViewCell.swift in Sources */,
				3D5D9A6328F97416006B8E78 /* OrderViewController.swift in Sources */,
				3D7090F02A90C25F00135B02 /* FirebaseSSEClient.swift in Sources */,
				3D1E810A28FBDD9600F2EF9D /* OrderCollectionViewCell.swift in Sources */,
				3D9634E12A973FCF0053680D /* MenuItemCell.swift in Sources */,
				3D5D9A2828F539FB006B8E78 /* OrderController.swift in Sources */,
				3DAF696A2989340700EABAB9 /* AlertPresenter.swift in Sources */,
				3DED089E28EE1439000DEA5D /* MenuItem.swift in Sources */,
				3D79E1A428FAA14500F165E7 /* OrderItem.swift in Sources */,
				3D4CC1A02A95F21200C71EC1 /* AppConfiguration.swift in Sources */,
				3D5D9A2428F36B10006B8E78 /* MenuItemViewController.swift in Sources */,
				3D1E810828FBDBC300F2EF9D /* OrderDataSourceItem.swift in Sources */,
				3D3C29F72917AF9400C4B9AA /* UserController.swift in Sources */,
				3D9634E32A974B100053680D /* CellReusingUtils.swift in Sources */,
				3DED08A428EE165D000DEA5D /* MenuItemCollectionViewCell.swift in Sources */,
				3DED088A28EE05CC000DEA5D /* SceneDelegate.swift in Sources */,
				3DE3D2942A868B5600394BEB /* TabBarController.swift in Sources */,
				3D6D06AE2900375C00EAB19A /* CustomButton.swift in Sources */,
				3DED08A028EE15F8000DEA5D /* APIRequest.swift in Sources */,
				3D5D9A1E28F2C7EF006B8E78 /* NewsItem.swift in Sources */,
				3DAF696C2989343400EABAB9 /* AlertModel.swift in Sources */,
				3DED089C28EE1415000DEA5D /* MainViewController.swift in Sources */,
			);
			runOnlyForDeploymentPostprocessing = 0;
		};
/* End PBXSourcesBuildPhase section */

/* Begin PBXTargetDependency section */
		3D5D9A3228F5E329006B8E78 /* PBXTargetDependency */ = {
			isa = PBXTargetDependency;
			target = 3DED088328EE05CC000DEA5D /* Burgers */;
			targetProxy = 3D5D9A3128F5E329006B8E78 /* PBXContainerItemProxy */;
		};
		3D5D9A4C28F5FED8006B8E78 /* PBXTargetDependency */ = {
			isa = PBXTargetDependency;
			target = 3DED088328EE05CC000DEA5D /* Burgers */;
			targetProxy = 3D5D9A4B28F5FED8006B8E78 /* PBXContainerItemProxy */;
		};
/* End PBXTargetDependency section */

/* Begin PBXVariantGroup section */
		3DED088D28EE05CC000DEA5D /* Main.storyboard */ = {
			isa = PBXVariantGroup;
			children = (
				3DED088E28EE05CC000DEA5D /* Base */,
			);
			name = Main.storyboard;
			sourceTree = "<group>";
		};
		3DED089228EE05CE000DEA5D /* LaunchScreen.storyboard */ = {
			isa = PBXVariantGroup;
			children = (
				3DED089328EE05CE000DEA5D /* Base */,
			);
			name = LaunchScreen.storyboard;
			sourceTree = "<group>";
		};
/* End PBXVariantGroup section */

/* Begin XCBuildConfiguration section */
		3D5D9A3428F5E329006B8E78 /* Debug */ = {
			isa = XCBuildConfiguration;
			buildSettings = {
				BUNDLE_LOADER = "$(TEST_HOST)";
				CODE_SIGN_STYLE = Automatic;
				CURRENT_PROJECT_VERSION = 1;
				DEAD_CODE_STRIPPING = YES;
				DEVELOPMENT_TEAM = WEZ4D5M6R9;
				GENERATE_INFOPLIST_FILE = YES;
				IPHONEOS_DEPLOYMENT_TARGET = 16.0;
				MACOSX_DEPLOYMENT_TARGET = 12.3;
				MARKETING_VERSION = 1.0;
				PRODUCT_BUNDLE_IDENTIFIER = com.vadimkuzmin.BurgersTests;
				PRODUCT_NAME = "$(TARGET_NAME)";
				SDKROOT = auto;
				SUPPORTED_PLATFORMS = "iphoneos iphonesimulator macosx";
				SWIFT_EMIT_LOC_STRINGS = NO;
				SWIFT_VERSION = 5.0;
				TARGETED_DEVICE_FAMILY = "1,2";
				TEST_HOST = "$(BUILT_PRODUCTS_DIR)/Burgers.app/$(BUNDLE_EXECUTABLE_FOLDER_PATH)/Burgers";
			};
			name = Debug;
		};
		3D5D9A3528F5E329006B8E78 /* Release */ = {
			isa = XCBuildConfiguration;
			buildSettings = {
				BUNDLE_LOADER = "$(TEST_HOST)";
				CODE_SIGN_STYLE = Automatic;
				CURRENT_PROJECT_VERSION = 1;
				DEAD_CODE_STRIPPING = YES;
				DEVELOPMENT_TEAM = WEZ4D5M6R9;
				GENERATE_INFOPLIST_FILE = YES;
				IPHONEOS_DEPLOYMENT_TARGET = 16.0;
				MACOSX_DEPLOYMENT_TARGET = 12.3;
				MARKETING_VERSION = 1.0;
				PRODUCT_BUNDLE_IDENTIFIER = com.vadimkuzmin.BurgersTests;
				PRODUCT_NAME = "$(TARGET_NAME)";
				SDKROOT = auto;
				SUPPORTED_PLATFORMS = "iphoneos iphonesimulator macosx";
				SWIFT_EMIT_LOC_STRINGS = NO;
				SWIFT_VERSION = 5.0;
				TARGETED_DEVICE_FAMILY = "1,2";
				TEST_HOST = "$(BUILT_PRODUCTS_DIR)/Burgers.app/$(BUNDLE_EXECUTABLE_FOLDER_PATH)/Burgers";
			};
			name = Release;
		};
		3D5D9A4E28F5FED8006B8E78 /* Debug */ = {
			isa = XCBuildConfiguration;
			buildSettings = {
				BUNDLE_LOADER = "$(TEST_HOST)";
				CODE_SIGN_STYLE = Automatic;
				CURRENT_PROJECT_VERSION = 1;
				DEAD_CODE_STRIPPING = YES;
				DEVELOPMENT_TEAM = WEZ4D5M6R9;
				GENERATE_INFOPLIST_FILE = YES;
				IPHONEOS_DEPLOYMENT_TARGET = 16.0;
				MACOSX_DEPLOYMENT_TARGET = 12.3;
				MARKETING_VERSION = 1.0;
				PRODUCT_BUNDLE_IDENTIFIER = com.vadimkuzmin.BurgersAPITests;
				PRODUCT_NAME = "$(TARGET_NAME)";
				SDKROOT = auto;
				SUPPORTED_PLATFORMS = "iphoneos iphonesimulator macosx";
				SWIFT_EMIT_LOC_STRINGS = NO;
				SWIFT_VERSION = 5.0;
				TARGETED_DEVICE_FAMILY = "1,2";
				TEST_HOST = "$(BUILT_PRODUCTS_DIR)/Burgers.app/$(BUNDLE_EXECUTABLE_FOLDER_PATH)/Burgers";
			};
			name = Debug;
		};
		3D5D9A4F28F5FED8006B8E78 /* Release */ = {
			isa = XCBuildConfiguration;
			buildSettings = {
				BUNDLE_LOADER = "$(TEST_HOST)";
				CODE_SIGN_STYLE = Automatic;
				CURRENT_PROJECT_VERSION = 1;
				DEAD_CODE_STRIPPING = YES;
				DEVELOPMENT_TEAM = WEZ4D5M6R9;
				GENERATE_INFOPLIST_FILE = YES;
				IPHONEOS_DEPLOYMENT_TARGET = 16.0;
				MACOSX_DEPLOYMENT_TARGET = 12.3;
				MARKETING_VERSION = 1.0;
				PRODUCT_BUNDLE_IDENTIFIER = com.vadimkuzmin.BurgersAPITests;
				PRODUCT_NAME = "$(TARGET_NAME)";
				SDKROOT = auto;
				SUPPORTED_PLATFORMS = "iphoneos iphonesimulator macosx";
				SWIFT_EMIT_LOC_STRINGS = NO;
				SWIFT_VERSION = 5.0;
				TARGETED_DEVICE_FAMILY = "1,2";
				TEST_HOST = "$(BUILT_PRODUCTS_DIR)/Burgers.app/$(BUNDLE_EXECUTABLE_FOLDER_PATH)/Burgers";
			};
			name = Release;
		};
		3DED089628EE05CE000DEA5D /* Debug */ = {
			isa = XCBuildConfiguration;
			buildSettings = {
				ALWAYS_SEARCH_USER_PATHS = NO;
				CLANG_ANALYZER_NONNULL = YES;
				CLANG_ANALYZER_NUMBER_OBJECT_CONVERSION = YES_AGGRESSIVE;
				CLANG_CXX_LANGUAGE_STANDARD = "gnu++20";
				CLANG_ENABLE_MODULES = YES;
				CLANG_ENABLE_OBJC_ARC = YES;
				CLANG_ENABLE_OBJC_WEAK = YES;
				CLANG_WARN_BLOCK_CAPTURE_AUTORELEASING = YES;
				CLANG_WARN_BOOL_CONVERSION = YES;
				CLANG_WARN_COMMA = YES;
				CLANG_WARN_CONSTANT_CONVERSION = YES;
				CLANG_WARN_DEPRECATED_OBJC_IMPLEMENTATIONS = YES;
				CLANG_WARN_DIRECT_OBJC_ISA_USAGE = YES_ERROR;
				CLANG_WARN_DOCUMENTATION_COMMENTS = YES;
				CLANG_WARN_EMPTY_BODY = YES;
				CLANG_WARN_ENUM_CONVERSION = YES;
				CLANG_WARN_INFINITE_RECURSION = YES;
				CLANG_WARN_INT_CONVERSION = YES;
				CLANG_WARN_NON_LITERAL_NULL_CONVERSION = YES;
				CLANG_WARN_OBJC_IMPLICIT_RETAIN_SELF = YES;
				CLANG_WARN_OBJC_LITERAL_CONVERSION = YES;
				CLANG_WARN_OBJC_ROOT_CLASS = YES_ERROR;
				CLANG_WARN_QUOTED_INCLUDE_IN_FRAMEWORK_HEADER = YES;
				CLANG_WARN_RANGE_LOOP_ANALYSIS = YES;
				CLANG_WARN_STRICT_PROTOTYPES = YES;
				CLANG_WARN_SUSPICIOUS_MOVE = YES;
				CLANG_WARN_UNGUARDED_AVAILABILITY = YES_AGGRESSIVE;
				CLANG_WARN_UNREACHABLE_CODE = YES;
				CLANG_WARN__DUPLICATE_METHOD_MATCH = YES;
				COPY_PHASE_STRIP = NO;
				DEBUG_INFORMATION_FORMAT = dwarf;
				ENABLE_STRICT_OBJC_MSGSEND = YES;
				ENABLE_TESTABILITY = YES;
				GCC_C_LANGUAGE_STANDARD = gnu11;
				GCC_DYNAMIC_NO_PIC = NO;
				GCC_NO_COMMON_BLOCKS = YES;
				GCC_OPTIMIZATION_LEVEL = 0;
				GCC_PREPROCESSOR_DEFINITIONS = (
					"DEBUG=1",
					"$(inherited)",
				);
				GCC_WARN_64_TO_32_BIT_CONVERSION = YES;
				GCC_WARN_ABOUT_RETURN_TYPE = YES_ERROR;
				GCC_WARN_UNDECLARED_SELECTOR = YES;
				GCC_WARN_UNINITIALIZED_AUTOS = YES_AGGRESSIVE;
				GCC_WARN_UNUSED_FUNCTION = YES;
				GCC_WARN_UNUSED_VARIABLE = YES;
				IPHONEOS_DEPLOYMENT_TARGET = 13.0;
				MTL_ENABLE_DEBUG_INFO = INCLUDE_SOURCE;
				MTL_FAST_MATH = YES;
				ONLY_ACTIVE_ARCH = YES;
				SDKROOT = iphoneos;
				SWIFT_ACTIVE_COMPILATION_CONDITIONS = DEBUG;
				SWIFT_OPTIMIZATION_LEVEL = "-Onone";
			};
			name = Debug;
		};
		3DED089728EE05CE000DEA5D /* Release */ = {
			isa = XCBuildConfiguration;
			buildSettings = {
				ALWAYS_SEARCH_USER_PATHS = NO;
				CLANG_ANALYZER_NONNULL = YES;
				CLANG_ANALYZER_NUMBER_OBJECT_CONVERSION = YES_AGGRESSIVE;
				CLANG_CXX_LANGUAGE_STANDARD = "gnu++20";
				CLANG_ENABLE_MODULES = YES;
				CLANG_ENABLE_OBJC_ARC = YES;
				CLANG_ENABLE_OBJC_WEAK = YES;
				CLANG_WARN_BLOCK_CAPTURE_AUTORELEASING = YES;
				CLANG_WARN_BOOL_CONVERSION = YES;
				CLANG_WARN_COMMA = YES;
				CLANG_WARN_CONSTANT_CONVERSION = YES;
				CLANG_WARN_DEPRECATED_OBJC_IMPLEMENTATIONS = YES;
				CLANG_WARN_DIRECT_OBJC_ISA_USAGE = YES_ERROR;
				CLANG_WARN_DOCUMENTATION_COMMENTS = YES;
				CLANG_WARN_EMPTY_BODY = YES;
				CLANG_WARN_ENUM_CONVERSION = YES;
				CLANG_WARN_INFINITE_RECURSION = YES;
				CLANG_WARN_INT_CONVERSION = YES;
				CLANG_WARN_NON_LITERAL_NULL_CONVERSION = YES;
				CLANG_WARN_OBJC_IMPLICIT_RETAIN_SELF = YES;
				CLANG_WARN_OBJC_LITERAL_CONVERSION = YES;
				CLANG_WARN_OBJC_ROOT_CLASS = YES_ERROR;
				CLANG_WARN_QUOTED_INCLUDE_IN_FRAMEWORK_HEADER = YES;
				CLANG_WARN_RANGE_LOOP_ANALYSIS = YES;
				CLANG_WARN_STRICT_PROTOTYPES = YES;
				CLANG_WARN_SUSPICIOUS_MOVE = YES;
				CLANG_WARN_UNGUARDED_AVAILABILITY = YES_AGGRESSIVE;
				CLANG_WARN_UNREACHABLE_CODE = YES;
				CLANG_WARN__DUPLICATE_METHOD_MATCH = YES;
				COPY_PHASE_STRIP = NO;
				DEBUG_INFORMATION_FORMAT = "dwarf-with-dsym";
				ENABLE_NS_ASSERTIONS = NO;
				ENABLE_STRICT_OBJC_MSGSEND = YES;
				GCC_C_LANGUAGE_STANDARD = gnu11;
				GCC_NO_COMMON_BLOCKS = YES;
				GCC_WARN_64_TO_32_BIT_CONVERSION = YES;
				GCC_WARN_ABOUT_RETURN_TYPE = YES_ERROR;
				GCC_WARN_UNDECLARED_SELECTOR = YES;
				GCC_WARN_UNINITIALIZED_AUTOS = YES_AGGRESSIVE;
				GCC_WARN_UNUSED_FUNCTION = YES;
				GCC_WARN_UNUSED_VARIABLE = YES;
				IPHONEOS_DEPLOYMENT_TARGET = 13.0;
				MTL_ENABLE_DEBUG_INFO = NO;
				MTL_FAST_MATH = YES;
				SDKROOT = iphoneos;
				SWIFT_COMPILATION_MODE = wholemodule;
				SWIFT_OPTIMIZATION_LEVEL = "-O";
				VALIDATE_PRODUCT = YES;
			};
			name = Release;
		};
		3DED089928EE05CE000DEA5D /* Debug */ = {
			isa = XCBuildConfiguration;
			buildSettings = {
				ASSETCATALOG_COMPILER_APPICON_NAME = AppIcon;
				ASSETCATALOG_COMPILER_GLOBAL_ACCENT_COLOR_NAME = AccentColor;
				CODE_SIGN_STYLE = Automatic;
				CURRENT_PROJECT_VERSION = 1;
				DEVELOPMENT_TEAM = WEZ4D5M6R9;
				GENERATE_INFOPLIST_FILE = YES;
				INFOPLIST_FILE = Burgers/Info.plist;
				INFOPLIST_KEY_UIApplicationSupportsIndirectInputEvents = YES;
				INFOPLIST_KEY_UILaunchStoryboardName = LaunchScreen;
				INFOPLIST_KEY_UIMainStoryboardFile = Main;
				INFOPLIST_KEY_UISupportedInterfaceOrientations = UIInterfaceOrientationPortrait;
				IPHONEOS_DEPLOYMENT_TARGET = 15.0;
				LD_RUNPATH_SEARCH_PATHS = (
					"$(inherited)",
					"@executable_path/Frameworks",
				);
				MARKETING_VERSION = 1.0;
				PRODUCT_BUNDLE_IDENTIFIER = com.vadimkuzmin.Burgers;
				PRODUCT_NAME = "$(TARGET_NAME)";
				SUPPORTED_PLATFORMS = "iphoneos iphonesimulator";
				SUPPORTS_MACCATALYST = NO;
				SUPPORTS_MAC_DESIGNED_FOR_IPHONE_IPAD = NO;
				SWIFT_EMIT_LOC_STRINGS = YES;
				SWIFT_VERSION = 5.0;
				TARGETED_DEVICE_FAMILY = 1;
			};
			name = Debug;
		};
		3DED089A28EE05CE000DEA5D /* Release */ = {
			isa = XCBuildConfiguration;
			buildSettings = {
				ASSETCATALOG_COMPILER_APPICON_NAME = AppIcon;
				ASSETCATALOG_COMPILER_GLOBAL_ACCENT_COLOR_NAME = AccentColor;
				CODE_SIGN_STYLE = Automatic;
				CURRENT_PROJECT_VERSION = 1;
				DEVELOPMENT_TEAM = WEZ4D5M6R9;
				GENERATE_INFOPLIST_FILE = YES;
				INFOPLIST_FILE = Burgers/Info.plist;
				INFOPLIST_KEY_UIApplicationSupportsIndirectInputEvents = YES;
				INFOPLIST_KEY_UILaunchStoryboardName = LaunchScreen;
				INFOPLIST_KEY_UIMainStoryboardFile = Main;
				INFOPLIST_KEY_UISupportedInterfaceOrientations = UIInterfaceOrientationPortrait;
				IPHONEOS_DEPLOYMENT_TARGET = 15.0;
				LD_RUNPATH_SEARCH_PATHS = (
					"$(inherited)",
					"@executable_path/Frameworks",
				);
				MARKETING_VERSION = 1.0;
				PRODUCT_BUNDLE_IDENTIFIER = com.vadimkuzmin.Burgers;
				PRODUCT_NAME = "$(TARGET_NAME)";
				SUPPORTED_PLATFORMS = "iphoneos iphonesimulator";
				SUPPORTS_MACCATALYST = NO;
				SUPPORTS_MAC_DESIGNED_FOR_IPHONE_IPAD = NO;
				SWIFT_EMIT_LOC_STRINGS = YES;
				SWIFT_VERSION = 5.0;
				TARGETED_DEVICE_FAMILY = 1;
			};
			name = Release;
		};
/* End XCBuildConfiguration section */

/* Begin XCConfigurationList section */
		3D5D9A3328F5E329006B8E78 /* Build configuration list for PBXNativeTarget "BurgersTests" */ = {
			isa = XCConfigurationList;
			buildConfigurations = (
				3D5D9A3428F5E329006B8E78 /* Debug */,
				3D5D9A3528F5E329006B8E78 /* Release */,
			);
			defaultConfigurationIsVisible = 0;
			defaultConfigurationName = Release;
		};
		3D5D9A4D28F5FED8006B8E78 /* Build configuration list for PBXNativeTarget "BurgersAPITests" */ = {
			isa = XCConfigurationList;
			buildConfigurations = (
				3D5D9A4E28F5FED8006B8E78 /* Debug */,
				3D5D9A4F28F5FED8006B8E78 /* Release */,
			);
			defaultConfigurationIsVisible = 0;
			defaultConfigurationName = Release;
		};
		3DED087F28EE05CC000DEA5D /* Build configuration list for PBXProject "Burgers" */ = {
			isa = XCConfigurationList;
			buildConfigurations = (
				3DED089628EE05CE000DEA5D /* Debug */,
				3DED089728EE05CE000DEA5D /* Release */,
			);
			defaultConfigurationIsVisible = 0;
			defaultConfigurationName = Release;
		};
		3DED089828EE05CE000DEA5D /* Build configuration list for PBXNativeTarget "Burgers" */ = {
			isa = XCConfigurationList;
			buildConfigurations = (
				3DED089928EE05CE000DEA5D /* Debug */,
				3DED089A28EE05CE000DEA5D /* Release */,
			);
			defaultConfigurationIsVisible = 0;
			defaultConfigurationName = Release;
		};
/* End XCConfigurationList section */
	};
	rootObject = 3DED087C28EE05CC000DEA5D /* Project object */;
}
